
Microsoft Visual Studio Solution File, Format Version 12.00
# Visual Studio Version 17
VisualStudioVersion = 17.5.33530.505
MinimumVisualStudioVersion = 10.0.40219.1
Project("{9A19103F-16F7-4668-BE54-9A1E7A4F7556}") = "AudioNoteTranscription", "AudioNoteTranscription\AudioNoteTranscription.csproj", "{55486C76-1E13-47B7-A6E3-088022031D94}"
EndProject
Global
	GlobalSection(SolutionConfigurationPlatforms) = preSolution
		Debug|Any CPU = Debug|Any CPU
		Debug|ARM64 = Debug|ARM64
		Debug|x64 = Debug|x64
		Debug|x86 = Debug|x86
		Release|Any CPU = Release|Any CPU
		Release|ARM64 = Release|ARM64
		Release|x64 = Release|x64
		Release|x86 = Release|x86
	EndGlobalSection
	GlobalSection(ProjectConfigurationPlatforms) = postSolution
		{55486C76-1E13-47B7-A6E3-088022031D94}.Debug|Any CPU.ActiveCfg = Debug|Any CPU
		{55486C76-1E13-47B7-A6E3-088022031D94}.Debug|Any CPU.Build.0 = Debug|Any CPU
		{55486C76-1E13-47B7-A6E3-088022031D94}.Debug|ARM64.ActiveCfg = Debug|Any CPU
		{55486C76-1E13-47B7-A6E3-088022031D94}.Debug|ARM64.Build.0 = Debug|Any CPU
		{55486C76-1E13-47B7-A6E3-088022031D94}.Debug|x64.ActiveCfg = Debug|Any CPU
		{55486C76-1E13-47B7-A6E3-088022031D94}.Debug|x64.Build.0 = Debug|Any CPU
		{55486C76-1E13-47B7-A6E3-088022031D94}.Debug|x86.ActiveCfg = Debug|Any CPU
		{55486C76-1E13-47B7-A6E3-088022031D94}.Debug|x86.Build.0 = Debug|Any CPU
		{55486C76-1E13-47B7-A6E3-088022031D94}.Release|Any CPU.ActiveCfg = Release|Any CPU
		{55486C76-1E13-47B7-A6E3-088022031D94}.Release|Any CPU.Build.0 = Release|Any CPU
		{55486C76-1E13-47B7-A6E3-088022031D94}.Release|ARM64.ActiveCfg = Release|Any CPU
		{55486C76-1E13-47B7-A6E3-088022031D94}.Release|ARM64.Build.0 = Release|Any CPU
		{55486C76-1E13-47B7-A6E3-088022031D94}.Release|x64.ActiveCfg = Release|Any CPU
		{55486C76-1E13-47B7-A6E3-088022031D94}.Release|x64.Build.0 = Release|Any CPU
		{55486C76-1E13-47B7-A6E3-088022031D94}.Release|x86.ActiveCfg = Release|Any CPU
		{55486C76-1E13-47B7-A6E3-088022031D94}.Release|x86.Build.0 = Release|Any CPU
	EndGlobalSection
	GlobalSection(SolutionProperties) = preSolution
		HideSolutionNode = FALSE
	EndGlobalSection
	GlobalSection(ExtensibilityGlobals) = postSolution
		SolutionGuid = {5CA57EDC-55F3-41CD-ADC5-98C99BEADA5E}
	EndGlobalSection
EndGlobal
